{
    "_meta": {
        "hash": {
            "sha256": "7c43378c58af26805d8429fe3257c34646074f636ecc917afd36521015e9de17"
        },
        "pipfile-spec": 6,
        "requires": {
            "python_version": "3.6"
        },
        "sources": [
            {
                "name": "ali_mirror",
                "url": "http://mirrors.aliyun.com/pypi/simple",
                "verify_ssl": false
            }
        ]
    },
    "default": {
        "click": {
            "hashes": [
                "sha256:29f99fc6125fbc931b758dc053b3114e55c77a6e4c6c3a2674a2dc986016381d",
                "sha256:f15516df478d5a56180fbf80e68f206010e6d160fc39fa508b65e035fd75130b"
            ],
            "version": "==6.7"
        },
        "coverage": {
            "hashes": [
                "sha256:03481e81d558d30d230bc12999e3edffe392d244349a90f4ef9b88425fac74ba",
                "sha256:0b136648de27201056c1869a6c0d4e23f464750fd9a9ba9750b8336a244429ed",
                "sha256:198626739a79b09fa0a2f06e083ffd12eb55449b5f8bfdbeed1df4910b2ca640",
                "sha256:28b2191e7283f4f3568962e373b47ef7f0392993bb6660d079c62bd50fe9d162",
                "sha256:2eb564bbf7816a9d68dd3369a510be3327f1c618d2357fa6b1216994c2e3d508",
                "sha256:337ded681dd2ef9ca04ef5d93cfc87e52e09db2594c296b4a0a3662cb1b41249",
                "sha256:3a2184c6d797a125dca8367878d3b9a178b6fdd05fdc2d35d758c3006a1cd694",
                "sha256:3c79a6f7b95751cdebcd9037e4d06f8d5a9b60e4ed0cd231342aa8ad7124882a",
                "sha256:3d72c20bd105022d29b14a7d628462ebdc61de2f303322c0212a054352f3b287",
                "sha256:3eb42bf89a6be7deb64116dd1cc4b08171734d721e7a7e57ad64cc4ef29ed2f1",
                "sha256:4635a184d0bbe537aa185a34193898eee409332a8ccb27eea36f262566585000",
                "sha256:56e448f051a201c5ebbaa86a5efd0ca90d327204d8b059ab25ad0f35fbfd79f1",
                "sha256:5a13ea7911ff5e1796b6d5e4fbbf6952381a611209b736d48e675c2756f3f74e",
                "sha256:69bf008a06b76619d3c3f3b1983f5145c75a305a0fea513aca094cae5c40a8f5",
                "sha256:6bc583dc18d5979dc0f6cec26a8603129de0304d5ae1f17e57a12834e7235062",
                "sha256:701cd6093d63e6b8ad7009d8a92425428bc4d6e7ab8d75efbb665c806c1d79ba",
                "sha256:7608a3dd5d73cb06c531b8925e0ef8d3de31fed2544a7de6c63960a1e73ea4bc",
                "sha256:76ecd006d1d8f739430ec50cc872889af1f9c1b6b8f48e29941814b09b0fd3cc",
                "sha256:7aa36d2b844a3e4a4b356708d79fd2c260281a7390d678a10b91ca595ddc9e99",
                "sha256:7d3f553904b0c5c016d1dad058a7554c7ac4c91a789fca496e7d8347ad040653",
                "sha256:7e1fe19bd6dce69d9fd159d8e4a80a8f52101380d5d3a4d374b6d3eae0e5de9c",
                "sha256:8c3cb8c35ec4d9506979b4cf90ee9918bc2e49f84189d9bf5c36c0c1119c6558",
                "sha256:9d6dd10d49e01571bf6e147d3b505141ffc093a06756c60b053a859cb2128b1f",
                "sha256:be6cfcd8053d13f5f5eeb284aa8a814220c3da1b0078fa859011c7fffd86dab9",
                "sha256:c1bb572fab8208c400adaf06a8133ac0712179a334c09224fb11393e920abcdd",
                "sha256:de4418dadaa1c01d497e539210cb6baa015965526ff5afc078c57ca69160108d",
                "sha256:e05cb4d9aad6233d67e0541caa7e511fa4047ed7750ec2510d466e806e0255d6",
                "sha256:f3f501f345f24383c0000395b26b726e46758b71393267aeae0bd36f8b3ade80"
            ],
            "index": "ali_mirror",
            "version": "==4.5.1"
        },
        "flask": {
            "hashes": [
                "sha256:0749df235e3ff61ac108f69ac178c9770caeaccad2509cb762ce1f65570a8856",
                "sha256:49f44461237b69ecd901cc7ce66feea0319b9158743dd27a2899962ab214dac1"
            ],
            "index": "ali_mirror",
            "version": "==0.12.2"
        },
        "flask-cors": {
            "hashes": [
                "sha256:62ebc5ad80dc21ca0ea9f57466c2c74e24a62274af890b391790c260eb7b754b",
                "sha256:ac4b81b3d90f5f18714c995c807f94501df8c9bbc22ef4261c1cd850748c3850"
            ],
            "index": "ali_mirror",
            "version": "==3.0.3"
        },
        "flask-peewee": {
            "hashes": [
                "sha256:c8a678055324edd6c75e1d3a8a60c82615ae106555494066b48e70a90c8decab"
            ],
            "index": "ali_mirror",
            "version": "==3.0.0"
        },
        "flask-script": {
            "hashes": [
                "sha256:6425963d91054cfcc185807141c7314a9c5ad46325911bd24dcb489bd0161c65"
            ],
            "index": "ali_mirror",
            "version": "==2.0.6"
        },
        "gunicorn": {
            "hashes": [
                "sha256:75af03c99389535f218cc596c7de74df4763803f7b63eb09d77e92b3956b36c6",
                "sha256:eee1169f0ca667be05db3351a0960765620dad53f53434262ff8901b68a1b622"
            ],
            "index": "ali_mirror",
            "version": "==19.7.1"
        },
        "itsdangerous": {
            "hashes": [
                "sha256:cbb3fcf8d3e33df861709ecaf89d9e6629cff0a217bc2848f1b41cd30d360519"
            ],
            "version": "==0.24"
        },
        "jinja2": {
            "hashes": [
                "sha256:74c935a1b8bb9a3947c50a54766a969d4846290e1e788ea44c1392163723c3bd",
                "sha256:f84be1bb0040caca4cea721fcbbbbd61f9be9464ca236387158b0feea01914a4"
            ],
            "index": "ali_mirror",
            "version": "==2.10"
        },
        "markupsafe": {
            "hashes": [
                "sha256:a6be69091dac236ea9c6bc7d012beab42010fa914c459791d627dad4910eb665"
            ],
            "version": "==1.0"
        },
        "nose": {
            "hashes": [
                "sha256:9ff7c6cc443f8c51994b34a667bbcf45afd6d945be7477b52e97516fd17c53ac",
                "sha256:dadcddc0aefbf99eea214e0f1232b94f2fa9bd98fa8353711dacb112bfcbbb2a",
                "sha256:f1bffef9cbc82628f6e7d7b40d7e255aefaa1adb6a1b1d26c69a8b79e6208a98"
            ],
            "index": "ali_mirror",
            "version": "==1.3.7"
        },
        "peewee": {
            "hashes": [
                "sha256:c57fa818062a4137e79619a40e97c19c839b54381bceec3e7bd040b3252e7867"
            ],
            "index": "ali_mirror",
            "version": "==3.1.5"
        },
        "six": {
            "hashes": [
                "sha256:70e8a77beed4562e7f14fe23a786b54f6296e34344c23bc42f07b15018ff98e9",
                "sha256:832dc0e10feb1aa2c68dcc57dbb658f1c7e65b9b61af69048abc87a2db00a0eb"
            ],
            "version": "==1.11.0"
        },
        "werkzeug": {
            "hashes": [
                "sha256:c3fd7a7d41976d9f44db327260e263132466836cef6f91512889ed60ad26557c",
                "sha256:d5da73735293558eb1651ee2fddc4d0dedcfa06538b8813a2e20011583c9e49b"
            ],
            "index": "ali_mirror",
            "version": "==0.14.1"
        },
        "wtf-peewee": {
            "hashes": [
                "sha256:acd05d136c8595da3327fcf9176fa85fdcec1f2aac51d235e46e6fc7a0871283"
            ],
            "index": "ali_mirror",
            "version": "==3.0.0"
        },
        "wtforms": {
            "hashes": [
                "sha256:ffdf10bd1fa565b8233380cb77a304cd36fd55c73023e91d4b803c96bc11d46f"
            ],
            "index": "ali_mirror",
            "version": "==2.1"
        }
    },
    "develop": {}
}
